
Microsoft Visual Studio Solution File, Format Version 12.00
# Visual Studio Version 17
VisualStudioVersion = 17.14.36401.2
MinimumVisualStudioVersion = 10.0.40219.1
Project("{FAE04EC0-301F-11D3-BF4B-00C04F79EFBC}") = "EmployeeManagement", "EmployeeManagement\EmployeeManagement.csproj", "{F436FD12-95E6-4B1D-988F-F0E6FB7EBB8C}"
EndProject
Project("{FAE04EC0-301F-11D3-BF4B-00C04F79EFBC}") = "EMS_Test", "EMS_Test\EMS_Test.csproj", "{0700382C-7D7B-428B-977A-14512A0B0FB6}"
EndProject
Global
	GlobalSection(SolutionConfigurationPlatforms) = preSolution
		Debug|Any CPU = Debug|Any CPU
		Release|Any CPU = Release|Any CPU
	EndGlobalSection
	GlobalSection(ProjectConfigurationPlatforms) = postSolution
		{F436FD12-95E6-4B1D-988F-F0E6FB7EBB8C}.Debug|Any CPU.ActiveCfg = Debug|Any CPU
		{F436FD12-95E6-4B1D-988F-F0E6FB7EBB8C}.Debug|Any CPU.Build.0 = Debug|Any CPU
		{F436FD12-95E6-4B1D-988F-F0E6FB7EBB8C}.Release|Any CPU.ActiveCfg = Release|Any CPU
		{F436FD12-95E6-4B1D-988F-F0E6FB7EBB8C}.Release|Any CPU.Build.0 = Release|Any CPU
		{0700382C-7D7B-428B-977A-14512A0B0FB6}.Debug|Any CPU.ActiveCfg = Debug|Any CPU
		{0700382C-7D7B-428B-977A-14512A0B0FB6}.Debug|Any CPU.Build.0 = Debug|Any CPU
		{0700382C-7D7B-428B-977A-14512A0B0FB6}.Release|Any CPU.ActiveCfg = Release|Any CPU
		{0700382C-7D7B-428B-977A-14512A0B0FB6}.Release|Any CPU.Build.0 = Release|Any CPU
	EndGlobalSection
	GlobalSection(SolutionProperties) = preSolution
		HideSolutionNode = FALSE
	EndGlobalSection
	GlobalSection(ExtensibilityGlobals) = postSolution
		SolutionGuid = {845BAEF7-4BC2-4E00-B68B-B3964107EE69}
	EndGlobalSection
EndGlobal
